
Microsoft Visual Studio Solution File, Format Version 12.00
# Visual Studio 15
VisualStudioVersion = 15.0.27428.2005
MinimumVisualStudioVersion = 10.0.40219.1
Project("{FAE04EC0-301F-11D3-BF4B-00C04F79EFBC}") = "Wallpaper Picker", "Wallpaper Picker\Wallpaper Picker.csproj", "{82EF316E-3BD0-4489-9EB1-F0F8185A6057}"
EndProject
Global
	GlobalSection(SolutionConfigurationPlatforms) = preSolution
		Debug|Any CPU = Debug|Any CPU
		Release|Any CPU = Release|Any CPU
	EndGlobalSection
	GlobalSection(ProjectConfigurationPlatforms) = postSolution
		{82EF316E-3BD0-4489-9EB1-F0F8185A6057}.Debug|Any CPU.ActiveCfg = Debug|Any CPU
		{82EF316E-3BD0-4489-9EB1-F0F8185A6057}.Debug|Any CPU.Build.0 = Debug|Any CPU
		{82EF316E-3BD0-4489-9EB1-F0F8185A6057}.Release|Any CPU.ActiveCfg = Release|Any CPU
		{82EF316E-3BD0-4489-9EB1-F0F8185A6057}.Release|Any CPU.Build.0 = Release|Any CPU
	EndGlobalSection
	GlobalSection(SolutionProperties) = preSolution
		HideSolutionNode = FALSE
	EndGlobalSection
	GlobalSection(ExtensibilityGlobals) = postSolution
		SolutionGuid = {F603FC2C-F254-48AC-B316-C7126E64B5AA}
	EndGlobalSection
EndGlobal
